Microsoft Visual Studio Solution File, Format Version 12.00
# Visual Studio Version 17
VisualStudioVersion = 17.5.2.0
MinimumVisualStudioVersion = 10.0.40219.1
Project("{FAE04EC0-301F-11D3-BF4B-00C04F79EFBC}") = "EWAD7", "EWAD7.csproj", "{D9D506CE-7427-B4D1-634E-10EEFF25BF1C}"
EndProject
Global
	GlobalSection(SolutionConfigurationPlatforms) = preSolution
		Debug|Any CPU = Debug|Any CPU
		Release|Any CPU = Release|Any CPU
	EndGlobalSection
	GlobalSection(ProjectConfigurationPlatforms) = postSolution
		{D9D506CE-7427-B4D1-634E-10EEFF25BF1C}.Debug|Any CPU.ActiveCfg = Debug|Any CPU
		{D9D506CE-7427-B4D1-634E-10EEFF25BF1C}.Debug|Any CPU.Build.0 = Debug|Any CPU
		{D9D506CE-7427-B4D1-634E-10EEFF25BF1C}.Release|Any CPU.ActiveCfg = Release|Any CPU
		{D9D506CE-7427-B4D1-634E-10EEFF25BF1C}.Release|Any CPU.Build.0 = Release|Any CPU
	EndGlobalSection
	GlobalSection(SolutionProperties) = preSolution
		HideSolutionNode = FALSE
	EndGlobalSection
	GlobalSection(ExtensibilityGlobals) = postSolution
		SolutionGuid = {939B34E7-E63C-44BB-B213-A6D950A4596A}
	EndGlobalSection
EndGlobal
