Microsoft Visual Studio Solution File, Format Version 12.00
# Visual Studio Version 17
VisualStudioVersion = 17.5.2.0
MinimumVisualStudioVersion = 10.0.40219.1
Project("{FAE04EC0-301F-11D3-BF4B-00C04F79EFBC}") = "HRMS.Web", "HRMS.Web.csproj", "{CC3B3AFD-4F1C-6712-559C-70DB4106D463}"
EndProject
Global
	GlobalSection(SolutionConfigurationPlatforms) = preSolution
		Debug|Any CPU = Debug|Any CPU
		Release|Any CPU = Release|Any CPU
	EndGlobalSection
	GlobalSection(ProjectConfigurationPlatforms) = postSolution
		{CC3B3AFD-4F1C-6712-559C-70DB4106D463}.Debug|Any CPU.ActiveCfg = Debug|Any CPU
		{CC3B3AFD-4F1C-6712-559C-70DB4106D463}.Debug|Any CPU.Build.0 = Debug|Any CPU
		{CC3B3AFD-4F1C-6712-559C-70DB4106D463}.Release|Any CPU.ActiveCfg = Release|Any CPU
		{CC3B3AFD-4F1C-6712-559C-70DB4106D463}.Release|Any CPU.Build.0 = Release|Any CPU
	EndGlobalSection
	GlobalSection(SolutionProperties) = preSolution
		HideSolutionNode = FALSE
	EndGlobalSection
	GlobalSection(ExtensibilityGlobals) = postSolution
		SolutionGuid = {1AFC7E23-24CA-4C6A-BACB-8C7F20F531E2}
	EndGlobalSection
EndGlobal
