Microsoft Visual Studio Solution File, Format Version 12.00
# Visual Studio Version 17
VisualStudioVersion = 17.5.2.0
MinimumVisualStudioVersion = 10.0.40219.1
Project("{FAE04EC0-301F-11D3-BF4B-00C04F79EFBC}") = "CodingInterview", "CodingInterview.csproj", "{984F767A-F90D-EEB9-3AA1-1992206FD7AE}"
EndProject
Global
	GlobalSection(SolutionConfigurationPlatforms) = preSolution
		Debug|Any CPU = Debug|Any CPU
		Release|Any CPU = Release|Any CPU
	EndGlobalSection
	GlobalSection(ProjectConfigurationPlatforms) = postSolution
		{984F767A-F90D-EEB9-3AA1-1992206FD7AE}.Debug|Any CPU.ActiveCfg = Debug|Any CPU
		{984F767A-F90D-EEB9-3AA1-1992206FD7AE}.Debug|Any CPU.Build.0 = Debug|Any CPU
		{984F767A-F90D-EEB9-3AA1-1992206FD7AE}.Release|Any CPU.ActiveCfg = Release|Any CPU
		{984F767A-F90D-EEB9-3AA1-1992206FD7AE}.Release|Any CPU.Build.0 = Release|Any CPU
	EndGlobalSection
	GlobalSection(SolutionProperties) = preSolution
		HideSolutionNode = FALSE
	EndGlobalSection
	GlobalSection(ExtensibilityGlobals) = postSolution
		SolutionGuid = {910EB2DC-0675-4FA4-A9DE-88EBF210FCD6}
	EndGlobalSection
EndGlobal
