Microsoft Visual Studio Solution File, Format Version 12.00
# Visual Studio Version 17
VisualStudioVersion = 17.5.2.0
MinimumVisualStudioVersion = 10.0.40219.1
Project("{FAE04EC0-301F-11D3-BF4B-00C04F79EFBC}") = "OOPDay1", "OOPDay1.csproj", "{765E19ED-48BD-CD72-17A5-FB3EA2DE50D7}"
EndProject
Global
	GlobalSection(SolutionConfigurationPlatforms) = preSolution
		Debug|Any CPU = Debug|Any CPU
		Release|Any CPU = Release|Any CPU
	EndGlobalSection
	GlobalSection(ProjectConfigurationPlatforms) = postSolution
		{765E19ED-48BD-CD72-17A5-FB3EA2DE50D7}.Debug|Any CPU.ActiveCfg = Debug|Any CPU
		{765E19ED-48BD-CD72-17A5-FB3EA2DE50D7}.Debug|Any CPU.Build.0 = Debug|Any CPU
		{765E19ED-48BD-CD72-17A5-FB3EA2DE50D7}.Release|Any CPU.ActiveCfg = Release|Any CPU
		{765E19ED-48BD-CD72-17A5-FB3EA2DE50D7}.Release|Any CPU.Build.0 = Release|Any CPU
	EndGlobalSection
	GlobalSection(SolutionProperties) = preSolution
		HideSolutionNode = FALSE
	EndGlobalSection
	GlobalSection(ExtensibilityGlobals) = postSolution
		SolutionGuid = {55A75560-5F14-428A-990D-5987B1E811DE}
	EndGlobalSection
EndGlobal
